
Microsoft Visual Studio Solution File, Format Version 12.00
# Visual Studio 2012
Project("{FAE04EC0-301F-11D3-BF4B-00C04F79EFBC}") = "fancytime", "fancytime\fancytime.csproj", "{B12E595B-A7BF-4652-9D03-8ED7C006D627}"
EndProject
Project("{FAE04EC0-301F-11D3-BF4B-00C04F79EFBC}") = "mailstatus", "mailstatus\mailstatus.csproj", "{7B49EF68-7F23-465D-8021-C9067DD7B6A2}"
EndProject
Global
	GlobalSection(SolutionConfigurationPlatforms) = preSolution
		Debug|x86 = Debug|x86
		Release|x86 = Release|x86
	EndGlobalSection
	GlobalSection(ProjectConfigurationPlatforms) = postSolution
		{7B49EF68-7F23-465D-8021-C9067DD7B6A2}.Debug|x86.ActiveCfg = Debug|x86
		{7B49EF68-7F23-465D-8021-C9067DD7B6A2}.Debug|x86.Build.0 = Debug|x86
		{7B49EF68-7F23-465D-8021-C9067DD7B6A2}.Release|x86.ActiveCfg = Release|x86
		{7B49EF68-7F23-465D-8021-C9067DD7B6A2}.Release|x86.Build.0 = Release|x86
		{B12E595B-A7BF-4652-9D03-8ED7C006D627}.Debug|x86.ActiveCfg = Debug|x86
		{B12E595B-A7BF-4652-9D03-8ED7C006D627}.Debug|x86.Build.0 = Debug|x86
		{B12E595B-A7BF-4652-9D03-8ED7C006D627}.Release|x86.ActiveCfg = Release|x86
		{B12E595B-A7BF-4652-9D03-8ED7C006D627}.Release|x86.Build.0 = Release|x86
	EndGlobalSection
	GlobalSection(MonoDevelopProperties) = preSolution
		StartupItem = mailstatus\mailstatus.csproj
	EndGlobalSection
EndGlobal
